<?xml version="1.0" encoding="utf-8"?>
<Project ToolsVersion="4.0" xmlns="http://schemas.microsoft.com/developer/msbuild/2003">
  <ItemGroup>
    <ClCompile Include="ProjectPewPew.cpp">
      <Filter>source</Filter>
    </ClCompile>
    <ClCompile Include="stdafx.cpp">
      <Filter>source</Filter>
    </ClCompile>
    <ClCompile Include="VAO.cpp">
      <Filter>source\OpenGL</Filter>
    </ClCompile>
    <ClCompile Include="Shader.cpp">
      <Filter>source\OpenGL</Filter>
    </ClCompile>
    <ClCompile Include="Texture.cpp">
      <Filter>source\OpenGL\Texture</Filter>
    </ClCompile>
    <ClCompile Include="TextureData.cpp">
      <Filter>source\OpenGL\Texture</Filter>
    </ClCompile>
    <ClCompile Include="TextureMap.cpp">
      <Filter>source\OpenGL\Texture</Filter>
    </ClCompile>
    <ClCompile Include="TextureMapItem.cpp">
      <Filter>source\OpenGL\Texture</Filter>
    </ClCompile>
    <ClCompile Include="Game.cpp">
      <Filter>source\Game</Filter>
    </ClCompile>
    <ClCompile Include="Tile.cpp">
      <Filter>source\Game\Grid</Filter>
    </ClCompile>
    <ClCompile Include="FGGrid.cpp">
      <Filter>source\Game\Grid</Filter>
    </ClCompile>
    <ClCompile Include="BGGrid.cpp">
      <Filter>source\Game\Grid</Filter>
    </ClCompile>
    <ClCompile Include="lodePNG.cpp">
      <Filter>source\Other</Filter>
    </ClCompile>
    <ClCompile Include="Location.cpp">
      <Filter>source\Math</Filter>
    </ClCompile>
    <ClCompile Include="GLEnums.cpp">
      <Filter>source\OpenGL</Filter>
    </ClCompile>
    <ClCompile Include="View.cpp">
      <Filter>source\OpenGL</Filter>
    </ClCompile>
    <ClCompile Include="Matrix3.cpp">
      <Filter>source\Math</Filter>
    </ClCompile>
    <ClCompile Include="InputManager.cpp">
      <Filter>source\Game\Player</Filter>
    </ClCompile>
    <ClCompile Include="Player.cpp">
      <Filter>source\Game\Player</Filter>
    </ClCompile>
    <ClCompile Include="Cursor.cpp">
      <Filter>source\Game\Player</Filter>
    </ClCompile>
    <ClCompile Include="Matrix2.cpp">
      <Filter>source\Math</Filter>
    </ClCompile>
    <ClCompile Include="Gun.cpp">
      <Filter>source\Game\Guns</Filter>
    </ClCompile>
    <ClCompile Include="Entity.cpp">
      <Filter>source\Game\Entities</Filter>
    </ClCompile>
    <ClCompile Include="RayCaster.cpp" />
  </ItemGroup>
  <ItemGroup>
    <ClInclude Include="stdafx.h">
      <Filter>header</Filter>
    </ClInclude>
    <ClInclude Include="targetver.h">
      <Filter>header</Filter>
    </ClInclude>
    <ClInclude Include="GLEnums.h">
      <Filter>header\OpenGL</Filter>
    </ClInclude>
    <ClInclude Include="Shader.h">
      <Filter>header\OpenGL</Filter>
    </ClInclude>
    <ClInclude Include="Texture.h">
      <Filter>header\OpenGL\Texture</Filter>
    </ClInclude>
    <ClInclude Include="TextureData.h">
      <Filter>header\OpenGL\Texture</Filter>
    </ClInclude>
    <ClInclude Include="TextureMap.h">
      <Filter>header\OpenGL\Texture</Filter>
    </ClInclude>
    <ClInclude Include="TextureMapItem.h">
      <Filter>header\OpenGL\Texture</Filter>
    </ClInclude>
    <ClInclude Include="vec2.h">
      <Filter>header\Math</Filter>
    </ClInclude>
    <ClInclude Include="VAO.h">
      <Filter>header\OpenGL</Filter>
    </ClInclude>
    <ClInclude Include="Game.h">
      <Filter>header\Game</Filter>
    </ClInclude>
    <ClInclude Include="lodePNG.h">
      <Filter>header\Other</Filter>
    </ClInclude>
    <ClInclude Include="TypeDefs.h">
      <Filter>header\Other</Filter>
    </ClInclude>
    <ClInclude Include="BGGrid.h">
      <Filter>header\Game\Grid</Filter>
    </ClInclude>
    <ClInclude Include="FGGrid.h">
      <Filter>header\Game\Grid</Filter>
    </ClInclude>
    <ClInclude Include="Tile.h">
      <Filter>header\Game\Grid</Filter>
    </ClInclude>
    <ClInclude Include="Attribute.h">
      <Filter>header\OpenGL</Filter>
    </ClInclude>
    <ClInclude Include="Location.h">
      <Filter>header\Math</Filter>
    </ClInclude>
    <ClInclude Include="View.h">
      <Filter>header\OpenGL</Filter>
    </ClInclude>
    <ClInclude Include="Matrix3.h">
      <Filter>header\Math</Filter>
    </ClInclude>
    <ClInclude Include="InputManager.h">
      <Filter>header\Game\Player</Filter>
    </ClInclude>
    <ClInclude Include="Player.h">
      <Filter>header\Game\Player</Filter>
    </ClInclude>
    <ClInclude Include="Cursor.h">
      <Filter>header\Game\Player</Filter>
    </ClInclude>
    <ClInclude Include="Matrix2.h">
      <Filter>header\Math</Filter>
    </ClInclude>
    <ClInclude Include="Gun.h">
      <Filter>header\Game\Guns</Filter>
    </ClInclude>
    <ClInclude Include="Entity.h">
      <Filter>header\Game\Entities</Filter>
    </ClInclude>
    <ClInclude Include="RayCaster.h" />
  </ItemGroup>
  <ItemGroup>
    <None Include="texture.vert">
      <Filter>resources\Shader</Filter>
    </None>
    <None Include="texture.frag">
      <Filter>resources\Shader</Filter>
    </None>
    <None Include="laser.vert">
      <Filter>resources\Shader</Filter>
    </None>
    <None Include="laser.frag">
      <Filter>resources\Shader</Filter>
    </None>
  </ItemGroup>
  <ItemGroup>
    <Filter Include="header">
      <UniqueIdentifier>{0b70c933-0ea9-4a68-8e83-58d63c018900}</UniqueIdentifier>
    </Filter>
    <Filter Include="header\OpenGL">
      <UniqueIdentifier>{801f4d66-791b-40b2-9cd0-1a47849f32dc}</UniqueIdentifier>
    </Filter>
    <Filter Include="header\OpenGL\Texture">
      <UniqueIdentifier>{277c0db6-b669-47f9-8879-a05728828335}</UniqueIdentifier>
    </Filter>
    <Filter Include="header\Math">
      <UniqueIdentifier>{747a07a1-ce1a-44ee-8661-d8d288ef659f}</UniqueIdentifier>
    </Filter>
    <Filter Include="header\Game">
      <UniqueIdentifier>{9be63ce7-f52d-474b-b6bb-bc9675c58a37}</UniqueIdentifier>
    </Filter>
    <Filter Include="header\Game\Grid">
      <UniqueIdentifier>{e80f7512-d617-4f20-8323-ccf1cb54c491}</UniqueIdentifier>
    </Filter>
    <Filter Include="header\Other">
      <UniqueIdentifier>{9e784fbd-1a86-4a52-a315-b6d74622e395}</UniqueIdentifier>
    </Filter>
    <Filter Include="source">
      <UniqueIdentifier>{a2dae797-f8ea-453a-9897-63d6c1b45ad6}</UniqueIdentifier>
    </Filter>
    <Filter Include="source\OpenGL">
      <UniqueIdentifier>{5d1c49b3-b3d6-4825-9ef0-5b7c50c7f8ab}</UniqueIdentifier>
    </Filter>
    <Filter Include="source\OpenGL\Texture">
      <UniqueIdentifier>{ad0d0cce-1495-4411-b5c0-2f0a753bcce3}</UniqueIdentifier>
    </Filter>
    <Filter Include="source\Game">
      <UniqueIdentifier>{cc165509-daf2-4e92-a82e-d7cd01b80610}</UniqueIdentifier>
    </Filter>
    <Filter Include="source\Game\Grid">
      <UniqueIdentifier>{3baf72ef-aade-4150-b5f0-d53dccb561e8}</UniqueIdentifier>
    </Filter>
    <Filter Include="source\Other">
      <UniqueIdentifier>{d6aeac6b-d8e5-4ac1-ac40-b98917b84e41}</UniqueIdentifier>
    </Filter>
    <Filter Include="source\Math">
      <UniqueIdentifier>{848f7bb2-3002-48f2-9b8a-b73513a698dd}</UniqueIdentifier>
    </Filter>
    <Filter Include="resources">
      <UniqueIdentifier>{c6a224a4-f13e-45c9-ae5d-ef728cca23a0}</UniqueIdentifier>
    </Filter>
    <Filter Include="resources\Shader">
      <UniqueIdentifier>{16a2cbe8-908c-405b-b838-41f9a15339cd}</UniqueIdentifier>
    </Filter>
    <Filter Include="resources\Tile Textures">
      <UniqueIdentifier>{787887cd-7f23-48a0-aec0-e08ac8d5eba1}</UniqueIdentifier>
    </Filter>
    <Filter Include="header\Game\Player">
      <UniqueIdentifier>{2af961b8-03d2-435f-a5db-a2b97944f950}</UniqueIdentifier>
    </Filter>
    <Filter Include="source\Game\Player">
      <UniqueIdentifier>{9715eddf-e2bc-4c19-82ba-4514c5d1ca60}</UniqueIdentifier>
    </Filter>
    <Filter Include="source\Game\Guns">
      <UniqueIdentifier>{71db311b-625c-414a-ac7a-87e427cbb759}</UniqueIdentifier>
    </Filter>
    <Filter Include="header\Game\Guns">
      <UniqueIdentifier>{b642e825-21b4-4454-82ff-6b2a1cb785e3}</UniqueIdentifier>
    </Filter>
    <Filter Include="header\Game\Entities">
      <UniqueIdentifier>{3e94067d-02dd-49c3-854e-fed3cd6a9a73}</UniqueIdentifier>
    </Filter>
    <Filter Include="header\Game\Entities\Enemies">
      <UniqueIdentifier>{d2153351-4a2a-4574-8a0e-5ead3f39352e}</UniqueIdentifier>
    </Filter>
    <Filter Include="header\Game\Entities\Pickups">
      <UniqueIdentifier>{97104e6f-5c3f-4857-92b0-aa249fb3664f}</UniqueIdentifier>
    </Filter>
    <Filter Include="header\Game\Entities\Projectiles">
      <UniqueIdentifier>{531e6c4a-120a-4d8e-8f3f-286699cd05c3}</UniqueIdentifier>
    </Filter>
    <Filter Include="source\Game\Entities">
      <UniqueIdentifier>{f26d55be-60f8-481f-be98-343064a0f92b}</UniqueIdentifier>
    </Filter>
    <Filter Include="source\Game\Entities\Projectiles">
      <UniqueIdentifier>{eaed75c9-4c3c-49cc-bc12-67abbb77c930}</UniqueIdentifier>
    </Filter>
    <Filter Include="source\Game\Entities\Enemies">
      <UniqueIdentifier>{ce4163b8-b52e-4156-b80e-2b196d80c1cc}</UniqueIdentifier>
    </Filter>
    <Filter Include="source\Game\Entities\Pickups">
      <UniqueIdentifier>{c809cbc3-2261-4982-80d2-4a47ee0b3723}</UniqueIdentifier>
    </Filter>
  </ItemGroup>
  <ItemGroup>
    <Image Include="grass.png">
      <Filter>resources\Tile Textures</Filter>
    </Image>
    <Image Include="player.png">
      <Filter>resources\Tile Textures</Filter>
    </Image>
    <Image Include="stone.png">
      <Filter>resources\Tile Textures</Filter>
    </Image>
    <Image Include="wooden_planks.png">
      <Filter>resources\Tile Textures</Filter>
    </Image>
    <Image Include="stone_bricks.png">
      <Filter>resources\Tile Textures</Filter>
    </Image>
    <Image Include="stone_sexy.png">
      <Filter>resources\Tile Textures</Filter>
    </Image>
    <Image Include="crosshair.png">
      <Filter>resources\Tile Textures</Filter>
    </Image>
    <Image Include="laser_gun.png">
      <Filter>resources\Tile Textures</Filter>
    </Image>
    <Image Include="Tint.png">
      <Filter>resources\Tile Textures</Filter>
    </Image>
  </ItemGroup>
  <ItemGroup>
    <Text Include="ReadMe.txt" />
  </ItemGroup>
</Project>